// !$*UTF8*$!
{
	archiveVersion = 1;
	classes = {
	};
	objectVersion = 77;
	objects = {

/* Begin PBXBuildFile section */
		290B71202E1C67BB0013C58D /* LaunchScreen.storyboard in Resources */ = {isa = PBXBuildFile; fileRef = 290B71192E1C67BB0013C58D /* LaunchScreen.storyboard */; };
		290B71212E1C67BB0013C58D /* Assets.xcassets in Resources */ = {isa = PBXBuildFile; fileRef = 290B71162E1C67BB0013C58D /* Assets.xcassets */; };
		290B71222E1C67BB0013C58D /* Main.storyboard in Resources */ = {isa = PBXBuildFile; fileRef = 290B711B2E1C67BB0013C58D /* Main.storyboard */; };
		290B71242E1C67BB0013C58D /* SceneDelegate.swift in Sources */ = {isa = PBXBuildFile; fileRef = 290B711D2E1C67BB0013C58D /* SceneDelegate.swift */; };
		290B71252E1C67BB0013C58D /* AppDelegate.swift in Sources */ = {isa = PBXBuildFile; fileRef = 290B71152E1C67BB0013C58D /* AppDelegate.swift */; };
		290B71262E1C67BB0013C58D /* ViewController.swift in Sources */ = {isa = PBXBuildFile; fileRef = 290B711E2E1C67BB0013C58D /* ViewController.swift */; };
		290B71272E1C67BB0013C58D /* PlayerView.swift in Sources */ = {isa = PBXBuildFile; fileRef = 290B711C2E1C67BB0013C58D /* PlayerView.swift */; };
		C92E69F5BCBCC3C3718A0AB2 /* libPods-GemiusReporter.a in Frameworks */ = {isa = PBXBuildFile; fileRef = 6ADEF4F05CF86B05378A24E7 /* libPods-GemiusReporter.a */; };
/* End PBXBuildFile section */

/* Begin PBXFileReference section */
		290B70FD2E1C67A90013C58D /* GemiusReporter.app */ = {isa = PBXFileReference; explicitFileType = wrapper.application; includeInIndex = 0; path = GemiusReporter.app; sourceTree = BUILT_PRODUCTS_DIR; };
		290B71152E1C67BB0013C58D /* AppDelegate.swift */ = {isa = PBXFileReference; lastKnownFileType = sourcecode.swift; path = AppDelegate.swift; sourceTree = "<group>"; };
		290B71162E1C67BB0013C58D /* Assets.xcassets */ = {isa = PBXFileReference; lastKnownFileType = folder.assetcatalog; path = Assets.xcassets; sourceTree = "<group>"; };
		290B71172E1C67BB0013C58D /* Info.plist */ = {isa = PBXFileReference; lastKnownFileType = text.plist.xml; path = Info.plist; sourceTree = "<group>"; };
		290B71182E1C67BB0013C58D /* Base */ = {isa = PBXFileReference; lastKnownFileType = file.storyboard; name = Base; path = Base.lproj/LaunchScreen.storyboard; sourceTree = "<group>"; };
		290B711A2E1C67BB0013C58D /* Base */ = {isa = PBXFileReference; lastKnownFileType = file.storyboard; name = Base; path = Base.lproj/Main.storyboard; sourceTree = "<group>"; };
		290B711C2E1C67BB0013C58D /* PlayerView.swift */ = {isa = PBXFileReference; lastKnownFileType = sourcecode.swift; path = PlayerView.swift; sourceTree = "<group>"; };
		290B711D2E1C67BB0013C58D /* SceneDelegate.swift */ = {isa = PBXFileReference; lastKnownFileType = sourcecode.swift; path = SceneDelegate.swift; sourceTree = "<group>"; };
		290B711E2E1C67BB0013C58D /* ViewController.swift */ = {isa = PBXFileReference; lastKnownFileType = sourcecode.swift; path = ViewController.swift; sourceTree = "<group>"; };
		3CDE0DE7F9F317CFC4934FDE /* Pods-GemiusReporter.release.xcconfig */ = {isa = PBXFileReference; includeInIndex = 1; lastKnownFileType = text.xcconfig; name = "Pods-GemiusReporter.release.xcconfig"; path = "Target Support Files/Pods-GemiusReporter/Pods-GemiusReporter.release.xcconfig"; sourceTree = "<group>"; };
		655C037A73A394B6A41E39D2 /* Pods-GemiusReporter.debug.xcconfig */ = {isa = PBXFileReference; includeInIndex = 1; lastKnownFileType = text.xcconfig; name = "Pods-GemiusReporter.debug.xcconfig"; path = "Target Support Files/Pods-GemiusReporter/Pods-GemiusReporter.debug.xcconfig"; sourceTree = "<group>"; };
		6ADEF4F05CF86B05378A24E7 /* libPods-GemiusReporter.a */ = {isa = PBXFileReference; explicitFileType = archive.ar; includeInIndex = 0; path = "libPods-GemiusReporter.a"; sourceTree = BUILT_PRODUCTS_DIR; };
/* End PBXFileReference section */

/* Begin PBXFrameworksBuildPhase section */
		290B70FA2E1C67A90013C58D /* Frameworks */ = {
			isa = PBXFrameworksBuildPhase;
			buildActionMask = 2147483647;
			files = (
				C92E69F5BCBCC3C3718A0AB2 /* libPods-GemiusReporter.a in Frameworks */,
			);
			runOnlyForDeploymentPostprocessing = 0;
		};
/* End PBXFrameworksBuildPhase section */

/* Begin PBXGroup section */
		290B70F42E1C67A90013C58D = {
			isa = PBXGroup;
			children = (
				290B711F2E1C67BB0013C58D /* GemiusReporter */,
				290B70FE2E1C67A90013C58D /* Products */,
				C9594EB6CA0DEAD03053DC89 /* Pods */,
				942505A2BDA9156624C6F5B7 /* Frameworks */,
			);
			sourceTree = "<group>";
		};
		290B70FE2E1C67A90013C58D /* Products */ = {
			isa = PBXGroup;
			children = (
				290B70FD2E1C67A90013C58D /* GemiusReporter.app */,
			);
			name = Products;
			sourceTree = "<group>";
		};
		290B711F2E1C67BB0013C58D /* GemiusReporter */ = {
			isa = PBXGroup;
			children = (
				290B71152E1C67BB0013C58D /* AppDelegate.swift */,
				290B71162E1C67BB0013C58D /* Assets.xcassets */,
				290B71172E1C67BB0013C58D /* Info.plist */,
				290B71192E1C67BB0013C58D /* LaunchScreen.storyboard */,
				290B711B2E1C67BB0013C58D /* Main.storyboard */,
				290B711C2E1C67BB0013C58D /* PlayerView.swift */,
				290B711D2E1C67BB0013C58D /* SceneDelegate.swift */,
				290B711E2E1C67BB0013C58D /* ViewController.swift */,
			);
			name = GemiusReporter;
			path = "/Users/wjoos/Code/customers/nfl/iOS-Connector/Code/Gemius-Examples/SharedCode";
			sourceTree = "<absolute>";
		};
		942505A2BDA9156624C6F5B7 /* Frameworks */ = {
			isa = PBXGroup;
			children = (
				6ADEF4F05CF86B05378A24E7 /* libPods-GemiusReporter.a */,
			);
			name = Frameworks;
			sourceTree = "<group>";
		};
		C9594EB6CA0DEAD03053DC89 /* Pods */ = {
			isa = PBXGroup;
			children = (
				655C037A73A394B6A41E39D2 /* Pods-GemiusReporter.debug.xcconfig */,
				3CDE0DE7F9F317CFC4934FDE /* Pods-GemiusReporter.release.xcconfig */,
			);
			path = Pods;
			sourceTree = "<group>";
		};
/* End PBXGroup section */

/* Begin PBXNativeTarget section */
		290B70FC2E1C67A90013C58D /* GemiusReporter */ = {
			isa = PBXNativeTarget;
			buildConfigurationList = 290B71102E1C67AB0013C58D /* Build configuration list for PBXNativeTarget "GemiusReporter" */;
			buildPhases = (
				FCB1552C376EB0AE4A014E81 /* [CP] Check Pods Manifest.lock */,
				290B70F92E1C67A90013C58D /* Sources */,
				290B70FA2E1C67A90013C58D /* Frameworks */,
				290B70FB2E1C67A90013C58D /* Resources */,
				820F1C2DF8C2A9AC0521FFE9 /* [CP] Embed Pods Frameworks */,
			);
			buildRules = (
			);
			dependencies = (
			);
			name = GemiusReporter;
			productName = GemiusReporter;
			productReference = 290B70FD2E1C67A90013C58D /* GemiusReporter.app */;
			productType = "com.apple.product-type.application";
		};
/* End PBXNativeTarget section */

/* Begin PBXProject section */
		290B70F52E1C67A90013C58D /* Project object */ = {
			isa = PBXProject;
			attributes = {
				BuildIndependentTargetsInParallel = 1;
				LastSwiftUpdateCheck = 1640;
				LastUpgradeCheck = 1640;
				TargetAttributes = {
					290B70FC2E1C67A90013C58D = {
						CreatedOnToolsVersion = 16.4;
					};
				};
			};
			buildConfigurationList = 290B70F82E1C67A90013C58D /* Build configuration list for PBXProject "GemiusReporter" */;
			developmentRegion = en;
			hasScannedForEncodings = 0;
			knownRegions = (
				en,
				Base,
			);
			mainGroup = 290B70F42E1C67A90013C58D;
			minimizedProjectReferenceProxies = 1;
			preferredProjectObjectVersion = 77;
			productRefGroup = 290B70FE2E1C67A90013C58D /* Products */;
			projectDirPath = "";
			projectRoot = "";
			targets = (
				290B70FC2E1C67A90013C58D /* GemiusReporter */,
			);
		};
/* End PBXProject section */

/* Begin PBXResourcesBuildPhase section */
		290B70FB2E1C67A90013C58D /* Resources */ = {
			isa = PBXResourcesBuildPhase;
			buildActionMask = 2147483647;
			files = (
				290B71202E1C67BB0013C58D /* LaunchScreen.storyboard in Resources */,
				290B71212E1C67BB0013C58D /* Assets.xcassets in Resources */,
				290B71222E1C67BB0013C58D /* Main.storyboard in Resources */,
			);
			runOnlyForDeploymentPostprocessing = 0;
		};
/* End PBXResourcesBuildPhase section */

/* Begin PBXShellScriptBuildPhase section */
		820F1C2DF8C2A9AC0521FFE9 /* [CP] Embed Pods Frameworks */ = {
			isa = PBXShellScriptBuildPhase;
			buildActionMask = 2147483647;
			files = (
			);
			inputFileListPaths = (
				"${PODS_ROOT}/Target Support Files/Pods-GemiusReporter/Pods-GemiusReporter-frameworks-${CONFIGURATION}-input-files.xcfilelist",
			);
			inputPaths = (
			);
			name = "[CP] Embed Pods Frameworks";
			outputFileListPaths = (
				"${PODS_ROOT}/Target Support Files/Pods-GemiusReporter/Pods-GemiusReporter-frameworks-${CONFIGURATION}-output-files.xcfilelist",
			);
			outputPaths = (
			);
			runOnlyForDeploymentPostprocessing = 0;
			shellPath = /bin/sh;
			shellScript = "\"${PODS_ROOT}/Target Support Files/Pods-GemiusReporter/Pods-GemiusReporter-frameworks.sh\"\n";
			showEnvVarsInLog = 0;
		};
		FCB1552C376EB0AE4A014E81 /* [CP] Check Pods Manifest.lock */ = {
			isa = PBXShellScriptBuildPhase;
			buildActionMask = 2147483647;
			files = (
			);
			inputFileListPaths = (
			);
			inputPaths = (
				"${PODS_PODFILE_DIR_PATH}/Podfile.lock",
				"${PODS_ROOT}/Manifest.lock",
			);
			name = "[CP] Check Pods Manifest.lock";
			outputFileListPaths = (
			);
			outputPaths = (
				"$(DERIVED_FILE_DIR)/Pods-GemiusReporter-checkManifestLockResult.txt",
			);
			runOnlyForDeploymentPostprocessing = 0;
			shellPath = /bin/sh;
			shellScript = "diff \"${PODS_PODFILE_DIR_PATH}/Podfile.lock\" \"${PODS_ROOT}/Manifest.lock\" > /dev/null\nif [ $? != 0 ] ; then\n    # print error to STDERR\n    echo \"error: The sandbox is not in sync with the Podfile.lock. Run 'pod install' or update your CocoaPods installation.\" >&2\n    exit 1\nfi\n# This output is used by Xcode 'outputs' to avoid re-running this script phase.\necho \"SUCCESS\" > \"${SCRIPT_OUTPUT_FILE_0}\"\n";
			showEnvVarsInLog = 0;
		};
/* End PBXShellScriptBuildPhase section */

/* Begin PBXSourcesBuildPhase section */
		290B70F92E1C67A90013C58D /* Sources */ = {
			isa = PBXSourcesBuildPhase;
			buildActionMask = 2147483647;
			files = (
				290B71242E1C67BB0013C58D /* SceneDelegate.swift in Sources */,
				290B71252E1C67BB0013C58D /* AppDelegate.swift in Sources */,
				290B71262E1C67BB0013C58D /* ViewController.swift in Sources */,
				290B71272E1C67BB0013C58D /* PlayerView.swift in Sources */,
			);
			runOnlyForDeploymentPostprocessing = 0;
		};
/* End PBXSourcesBuildPhase section */

/* Begin PBXVariantGroup section */
		290B71192E1C67BB0013C58D /* LaunchScreen.storyboard */ = {
			isa = PBXVariantGroup;
			children = (
				290B71182E1C67BB0013C58D /* Base */,
			);
			name = LaunchScreen.storyboard;
			sourceTree = "<group>";
		};
		290B711B2E1C67BB0013C58D /* Main.storyboard */ = {
			isa = PBXVariantGroup;
			children = (
				290B711A2E1C67BB0013C58D /* Base */,
			);
			name = Main.storyboard;
			sourceTree = "<group>";
		};
/* End PBXVariantGroup section */

/* Begin XCBuildConfiguration section */
		290B71112E1C67AB0013C58D /* Debug */ = {
			isa = XCBuildConfiguration;
			baseConfigurationReference = 655C037A73A394B6A41E39D2 /* Pods-GemiusReporter.debug.xcconfig */;
			buildSettings = {
				ASSETCATALOG_COMPILER_APPICON_NAME = AppIcon;
				ASSETCATALOG_COMPILER_GLOBAL_ACCENT_COLOR_NAME = AccentColor;
				CODE_SIGN_STYLE = Automatic;
				CURRENT_PROJECT_VERSION = 1;
				DEVELOPMENT_TEAM = "";
				GENERATE_INFOPLIST_FILE = YES;
				INFOPLIST_FILE = ../SharedCode/Info.plist;
				INFOPLIST_KEY_UIApplicationSupportsIndirectInputEvents = YES;
				INFOPLIST_KEY_UILaunchStoryboardName = LaunchScreen;
				INFOPLIST_KEY_UIMainStoryboardFile = Main;
				INFOPLIST_KEY_UISupportedInterfaceOrientations_iPad = "UIInterfaceOrientationPortrait UIInterfaceOrientationPortraitUpsideDown UIInterfaceOrientationLandscapeLeft UIInterfaceOrientationLandscapeRight";
				INFOPLIST_KEY_UISupportedInterfaceOrientations_iPhone = "UIInterfaceOrientationPortrait UIInterfaceOrientationLandscapeLeft UIInterfaceOrientationLandscapeRight";
				LD_RUNPATH_SEARCH_PATHS = (
					"$(inherited)",
					"@executable_path/Frameworks",
				);
				MARKETING_VERSION = 1.0;
				PRODUCT_BUNDLE_IDENTIFIER = com.theoplayer.gemius.ios.integration.GemiusReporter;
				PRODUCT_NAME = "$(TARGET_NAME)";
				SWIFT_EMIT_LOC_STRINGS = YES;
				SWIFT_VERSION = 5.0;
				TARGETED_DEVICE_FAMILY = "1,2";
			};
			name = Debug;
		};
		290B71122E1C67AB0013C58D /* Release */ = {
			isa = XCBuildConfiguration;
			baseConfigurationReference = 3CDE0DE7F9F317CFC4934FDE /* Pods-GemiusReporter.release.xcconfig */;
			buildSettings = {
				ASSETCATALOG_COMPILER_APPICON_NAME = AppIcon;
				ASSETCATALOG_COMPILER_GLOBAL_ACCENT_COLOR_NAME = AccentColor;
				CODE_SIGN_STYLE = Automatic;
				CURRENT_PROJECT_VERSION = 1;
				DEVELOPMENT_TEAM = "";
				GENERATE_INFOPLIST_FILE = YES;
				INFOPLIST_FILE = ../SharedCode/Info.plist;
				INFOPLIST_KEY_UIApplicationSupportsIndirectInputEvents = YES;
				INFOPLIST_KEY_UILaunchStoryboardName = LaunchScreen;
				INFOPLIST_KEY_UIMainStoryboardFile = Main;
				INFOPLIST_KEY_UISupportedInterfaceOrientations_iPad = "UIInterfaceOrientationPortrait UIInterfaceOrientationPortraitUpsideDown UIInterfaceOrientationLandscapeLeft UIInterfaceOrientationLandscapeRight";
				INFOPLIST_KEY_UISupportedInterfaceOrientations_iPhone = "UIInterfaceOrientationPortrait UIInterfaceOrientationLandscapeLeft UIInterfaceOrientationLandscapeRight";
				LD_RUNPATH_SEARCH_PATHS = (
					"$(inherited)",
					"@executable_path/Frameworks",
				);
				MARKETING_VERSION = 1.0;
				PRODUCT_BUNDLE_IDENTIFIER = com.theoplayer.gemius.ios.integration.GemiusReporter;
				PRODUCT_NAME = "$(TARGET_NAME)";
				SWIFT_EMIT_LOC_STRINGS = YES;
				SWIFT_VERSION = 5.0;
				TARGETED_DEVICE_FAMILY = "1,2";
			};
			name = Release;
		};
		290B71132E1C67AB0013C58D /* Debug */ = {
			isa = XCBuildConfiguration;
			buildSettings = {
				ALWAYS_SEARCH_USER_PATHS = NO;
				ASSETCATALOG_COMPILER_GENERATE_SWIFT_ASSET_SYMBOL_EXTENSIONS = YES;
				CLANG_ANALYZER_NONNULL = YES;
				CLANG_ANALYZER_NUMBER_OBJECT_CONVERSION = YES_AGGRESSIVE;
				CLANG_CXX_LANGUAGE_STANDARD = "gnu++20";
				CLANG_ENABLE_MODULES = YES;
				CLANG_ENABLE_OBJC_ARC = YES;
				CLANG_ENABLE_OBJC_WEAK = YES;
				CLANG_WARN_BLOCK_CAPTURE_AUTORELEASING = YES;
				CLANG_WARN_BOOL_CONVERSION = YES;
				CLANG_WARN_COMMA = YES;
				CLANG_WARN_CONSTANT_CONVERSION = YES;
				CLANG_WARN_DEPRECATED_OBJC_IMPLEMENTATIONS = YES;
				CLANG_WARN_DIRECT_OBJC_ISA_USAGE = YES_ERROR;
				CLANG_WARN_DOCUMENTATION_COMMENTS = YES;
				CLANG_WARN_EMPTY_BODY = YES;
				CLANG_WARN_ENUM_CONVERSION = YES;
				CLANG_WARN_INFINITE_RECURSION = YES;
				CLANG_WARN_INT_CONVERSION = YES;
				CLANG_WARN_NON_LITERAL_NULL_CONVERSION = YES;
				CLANG_WARN_OBJC_IMPLICIT_RETAIN_SELF = YES;
				CLANG_WARN_OBJC_LITERAL_CONVERSION = YES;
				CLANG_WARN_OBJC_ROOT_CLASS = YES_ERROR;
				CLANG_WARN_QUOTED_INCLUDE_IN_FRAMEWORK_HEADER = YES;
				CLANG_WARN_RANGE_LOOP_ANALYSIS = YES;
				CLANG_WARN_STRICT_PROTOTYPES = YES;
				CLANG_WARN_SUSPICIOUS_MOVE = YES;
				CLANG_WARN_UNGUARDED_AVAILABILITY = YES_AGGRESSIVE;
				CLANG_WARN_UNREACHABLE_CODE = YES;
				CLANG_WARN__DUPLICATE_METHOD_MATCH = YES;
				COPY_PHASE_STRIP = NO;
				DEBUG_INFORMATION_FORMAT = dwarf;
				ENABLE_STRICT_OBJC_MSGSEND = YES;
				ENABLE_TESTABILITY = YES;
				ENABLE_USER_SCRIPT_SANDBOXING = NO;
				GCC_C_LANGUAGE_STANDARD = gnu17;
				GCC_DYNAMIC_NO_PIC = NO;
				GCC_NO_COMMON_BLOCKS = YES;
				GCC_OPTIMIZATION_LEVEL = 0;
				GCC_PREPROCESSOR_DEFINITIONS = (
					"DEBUG=1",
					"$(inherited)",
				);
				GCC_WARN_64_TO_32_BIT_CONVERSION = YES;
				GCC_WARN_ABOUT_RETURN_TYPE = YES_ERROR;
				GCC_WARN_UNDECLARED_SELECTOR = YES;
				GCC_WARN_UNINITIALIZED_AUTOS = YES_AGGRESSIVE;
				GCC_WARN_UNUSED_FUNCTION = YES;
				GCC_WARN_UNUSED_VARIABLE = YES;
				IPHONEOS_DEPLOYMENT_TARGET = 18.5;
				LOCALIZATION_PREFERS_STRING_CATALOGS = YES;
				MTL_ENABLE_DEBUG_INFO = INCLUDE_SOURCE;
				MTL_FAST_MATH = YES;
				ONLY_ACTIVE_ARCH = YES;
				SDKROOT = iphoneos;
				SWIFT_ACTIVE_COMPILATION_CONDITIONS = "DEBUG $(inherited)";
				SWIFT_OPTIMIZATION_LEVEL = "-Onone";
			};
			name = Debug;
		};
		290B71142E1C67AB0013C58D /* Release */ = {
			isa = XCBuildConfiguration;
			buildSettings = {
				ALWAYS_SEARCH_USER_PATHS = NO;
				ASSETCATALOG_COMPILER_GENERATE_SWIFT_ASSET_SYMBOL_EXTENSIONS = YES;
				CLANG_ANALYZER_NONNULL = YES;
				CLANG_ANALYZER_NUMBER_OBJECT_CONVERSION = YES_AGGRESSIVE;
				CLANG_CXX_LANGUAGE_STANDARD = "gnu++20";
				CLANG_ENABLE_MODULES = YES;
				CLANG_ENABLE_OBJC_ARC = YES;
				CLANG_ENABLE_OBJC_WEAK = YES;
				CLANG_WARN_BLOCK_CAPTURE_AUTORELEASING = YES;
				CLANG_WARN_BOOL_CONVERSION = YES;
				CLANG_WARN_COMMA = YES;
				CLANG_WARN_CONSTANT_CONVERSION = YES;
				CLANG_WARN_DEPRECATED_OBJC_IMPLEMENTATIONS = YES;
				CLANG_WARN_DIRECT_OBJC_ISA_USAGE = YES_ERROR;
				CLANG_WARN_DOCUMENTATION_COMMENTS = YES;
				CLANG_WARN_EMPTY_BODY = YES;
				CLANG_WARN_ENUM_CONVERSION = YES;
				CLANG_WARN_INFINITE_RECURSION = YES;
				CLANG_WARN_INT_CONVERSION = YES;
				CLANG_WARN_NON_LITERAL_NULL_CONVERSION = YES;
				CLANG_WARN_OBJC_IMPLICIT_RETAIN_SELF = YES;
				CLANG_WARN_OBJC_LITERAL_CONVERSION = YES;
				CLANG_WARN_OBJC_ROOT_CLASS = YES_ERROR;
				CLANG_WARN_QUOTED_INCLUDE_IN_FRAMEWORK_HEADER = YES;
				CLANG_WARN_RANGE_LOOP_ANALYSIS = YES;
				CLANG_WARN_STRICT_PROTOTYPES = YES;
				CLANG_WARN_SUSPICIOUS_MOVE = YES;
				CLANG_WARN_UNGUARDED_AVAILABILITY = YES_AGGRESSIVE;
				CLANG_WARN_UNREACHABLE_CODE = YES;
				CLANG_WARN__DUPLICATE_METHOD_MATCH = YES;
				COPY_PHASE_STRIP = NO;
				DEBUG_INFORMATION_FORMAT = "dwarf-with-dsym";
				ENABLE_NS_ASSERTIONS = NO;
				ENABLE_STRICT_OBJC_MSGSEND = YES;
				ENABLE_USER_SCRIPT_SANDBOXING = NO;
				GCC_C_LANGUAGE_STANDARD = gnu17;
				GCC_NO_COMMON_BLOCKS = YES;
				GCC_WARN_64_TO_32_BIT_CONVERSION = YES;
				GCC_WARN_ABOUT_RETURN_TYPE = YES_ERROR;
				GCC_WARN_UNDECLARED_SELECTOR = YES;
				GCC_WARN_UNINITIALIZED_AUTOS = YES_AGGRESSIVE;
				GCC_WARN_UNUSED_FUNCTION = YES;
				GCC_WARN_UNUSED_VARIABLE = YES;
				IPHONEOS_DEPLOYMENT_TARGET = 18.5;
				LOCALIZATION_PREFERS_STRING_CATALOGS = YES;
				MTL_ENABLE_DEBUG_INFO = NO;
				MTL_FAST_MATH = YES;
				SDKROOT = iphoneos;
				SWIFT_COMPILATION_MODE = wholemodule;
				VALIDATE_PRODUCT = YES;
			};
			name = Release;
		};
/* End XCBuildConfiguration section */

/* Begin XCConfigurationList section */
		290B70F82E1C67A90013C58D /* Build configuration list for PBXProject "GemiusReporter" */ = {
			isa = XCConfigurationList;
			buildConfigurations = (
				290B71132E1C67AB0013C58D /* Debug */,
				290B71142E1C67AB0013C58D /* Release */,
			);
			defaultConfigurationIsVisible = 0;
			defaultConfigurationName = Release;
		};
		290B71102E1C67AB0013C58D /* Build configuration list for PBXNativeTarget "GemiusReporter" */ = {
			isa = XCConfigurationList;
			buildConfigurations = (
				290B71112E1C67AB0013C58D /* Debug */,
				290B71122E1C67AB0013C58D /* Release */,
			);
			defaultConfigurationIsVisible = 0;
			defaultConfigurationName = Release;
		};
/* End XCConfigurationList section */
	};
	rootObject = 290B70F52E1C67A90013C58D /* Project object */;
}
