PODS:
  - ConvivaSDK (4.0.31)
  - THEOplayer-Connector-Conviva (0.1.0):
    - ConvivaSDK (= 4.0.31)
    - THEOplayerSDK-basic (~> 4.0)
  - THEOplayerSDK-basic (4.1.0)

DEPENDENCIES:
  - THEOplayer-Connector-Conviva (from `../../Conviva`)

SPEC REPOS:
  trunk:
    - ConvivaSDK
    - THEOplayerSDK-basic

EXTERNAL SOURCES:
  THEOplayer-Connector-Conviva:
    :path: "../../Conviva"

SPEC CHECKSUMS:
  ConvivaSDK: aad03829423c39b33cd97eeac19f0259c365b53b
  THEOplayer-Connector-Conviva: b92ff614b0a718ee13cc53fb16d402db2005ea51
  THEOplayerSDK-basic: c098600baf70f4d28c9cb6493856b47ba0088c12

PODFILE CHECKSUM: 41b5572b313bbc887162d6b74a5d296019dc47d6

COCOAPODS: 1.11.3
