{
  "pins" : [
    {
      "identity" : "conviva-ios-sdk-spm",
      "kind" : "remoteSourceControl",
      "location" : "https://github.com/Conviva/conviva-ios-sdk-spm",
      "state" : {
        "revision" : "f44eff0be63c4ac62ea4612480c07cd8daa20947",
        "version" : "4.0.31"
      }
    },
    {
      "identity" : "swift-argument-parser",
      "kind" : "remoteSourceControl",
      "location" : "https://github.com/apple/swift-argument-parser.git",
      "state" : {
        "revision" : "9f39744e025c7d377987f30b03770805dcb0bcd1",
        "version" : "1.1.4"
      }
    },
    {
      "identity" : "theoplayer-sdk-ios",
      "kind" : "remoteSourceControl",
      "location" : "https://github.com/Dev1an/theoplayer-sdk-ios",
      "state" : {
        "branch" : "master",
        "revision" : "25c2e0fbc664a456bb3e91096e6e265439ff4f83"
      }
    }
  ],
  "version" : 2
}
