// !$*UTF8*$!
{
	archiveVersion = 1;
	classes = {
	};
	objectVersion = 56;
	objects = {

/* Begin PBXBuildFile section */
		F531C5DE2D49FC3F0038E649 /* UplynkConnector.swift in Sources */ = {isa = PBXBuildFile; fileRef = F531C5D02D49FC3F0038E649 /* UplynkConnector.swift */; };
		F531C5DF2D49FC3F0038E649 /* PrePlayResponse.swift in Sources */ = {isa = PBXBuildFile; fileRef = F531C5D12D49FC3F0038E649 /* PrePlayResponse.swift */; };
		F531C5E02D49FC3F0038E649 /* UplynkAPI.swift in Sources */ = {isa = PBXBuildFile; fileRef = F531C5D32D49FC3F0038E649 /* UplynkAPI.swift */; };
		F531C5E12D49FC3F0038E649 /* HTTPSConnection.swift in Sources */ = {isa = PBXBuildFile; fileRef = F531C5D42D49FC3F0038E649 /* HTTPSConnection.swift */; };
		F531C5E22D49FC3F0038E649 /* UplynkAdIntegration.swift in Sources */ = {isa = PBXBuildFile; fileRef = F531C5D62D49FC3F0038E649 /* UplynkAdIntegration.swift */; };
		F531C5E32D49FC3F0038E649 /* UplynkSSAIURLBuilder.swift in Sources */ = {isa = PBXBuildFile; fileRef = F531C5D72D49FC3F0038E649 /* UplynkSSAIURLBuilder.swift */; };
		F531C5E42D49FC3F0038E649 /* UplynkSSAIConfiguration+Extensions.swift in Sources */ = {isa = PBXBuildFile; fileRef = F531C5D82D49FC3F0038E649 /* UplynkSSAIConfiguration+Extensions.swift */; };
		F531C5E52D49FC3F0038E649 /* UplynkPingFeatures.swift in Sources */ = {isa = PBXBuildFile; fileRef = F531C5D92D49FC3F0038E649 /* UplynkPingFeatures.swift */; };
		F531C5E62D49FC3F0038E649 /* SourceDescription+Extensions.swift in Sources */ = {isa = PBXBuildFile; fileRef = F531C5DB2D49FC3F0038E649 /* SourceDescription+Extensions.swift */; };
		F531C5E72D49FC3F0038E649 /* UplynkSSAIConfiguration.swift in Sources */ = {isa = PBXBuildFile; fileRef = F531C5DC2D49FC3F0038E649 /* UplynkSSAIConfiguration.swift */; };
		F531C5E82D49FC3F0038E649 /* UplynkPingConfiguration.swift in Sources */ = {isa = PBXBuildFile; fileRef = F531C5DD2D49FC3F0038E649 /* UplynkPingConfiguration.swift */; };
		F531C5EE2D49FCD40038E649 /* THEOplayerSDK.framework in Frameworks */ = {isa = PBXBuildFile; fileRef = F531C5ED2D49FCD40038E649 /* THEOplayerSDK.framework */; };
		F531C5EF2D49FCD40038E649 /* THEOplayerSDK.framework in Embed Frameworks */ = {isa = PBXBuildFile; fileRef = F531C5ED2D49FCD40038E649 /* THEOplayerSDK.framework */; settings = {ATTRIBUTES = (CodeSignOnCopy, RemoveHeadersOnCopy, ); }; };
		F59A83F22D4AEF5300C0B7E9 /* THEOplayerConnectorUplynkTests.swift in Sources */ = {isa = PBXBuildFile; fileRef = F59A83F12D4AEF5300C0B7E9 /* THEOplayerConnectorUplynkTests.swift */; };
		F59A83F32D4AEF5300C0B7E9 /* THEOplayerConnectorUplynk.framework in Frameworks */ = {isa = PBXBuildFile; fileRef = F531C5C52D49FC310038E649 /* THEOplayerConnectorUplynk.framework */; };
		F59A83FA2D4AEFB600C0B7E9 /* UplynkSSAIConfigurationURLBuilderTests.swift in Sources */ = {isa = PBXBuildFile; fileRef = F59A83F92D4AEFB600C0B7E9 /* UplynkSSAIConfigurationURLBuilderTests.swift */; };
		F5BACFC72D4B369500B207DB /* UplynkAPIMock.swift in Sources */ = {isa = PBXBuildFile; fileRef = F5BACFC62D4B369500B207DB /* UplynkAPIMock.swift */; };
		F5BACFC92D4B38A400B207DB /* UplynkAdIntegrationTests.swift in Sources */ = {isa = PBXBuildFile; fileRef = F5BACFC82D4B38A400B207DB /* UplynkAdIntegrationTests.swift */; };
/* End PBXBuildFile section */

/* Begin PBXContainerItemProxy section */
		F59A83F42D4AEF5300C0B7E9 /* PBXContainerItemProxy */ = {
			isa = PBXContainerItemProxy;
			containerPortal = F531C5BC2D49FC310038E649 /* Project object */;
			proxyType = 1;
			remoteGlobalIDString = F531C5C42D49FC310038E649;
			remoteInfo = THEOplayerConnectorUplynk;
		};
/* End PBXContainerItemProxy section */

/* Begin PBXCopyFilesBuildPhase section */
		F531C5F02D49FCD40038E649 /* Embed Frameworks */ = {
			isa = PBXCopyFilesBuildPhase;
			buildActionMask = 2147483647;
			dstPath = "";
			dstSubfolderSpec = 10;
			files = (
				F531C5EF2D49FCD40038E649 /* THEOplayerSDK.framework in Embed Frameworks */,
			);
			name = "Embed Frameworks";
			runOnlyForDeploymentPostprocessing = 0;
		};
/* End PBXCopyFilesBuildPhase section */

/* Begin PBXFileReference section */
		F531C5C52D49FC310038E649 /* THEOplayerConnectorUplynk.framework */ = {isa = PBXFileReference; explicitFileType = wrapper.framework; includeInIndex = 0; path = THEOplayerConnectorUplynk.framework; sourceTree = BUILT_PRODUCTS_DIR; };
		F531C5D02D49FC3F0038E649 /* UplynkConnector.swift */ = {isa = PBXFileReference; fileEncoding = 4; lastKnownFileType = sourcecode.swift; path = UplynkConnector.swift; sourceTree = "<group>"; };
		F531C5D12D49FC3F0038E649 /* PrePlayResponse.swift */ = {isa = PBXFileReference; fileEncoding = 4; lastKnownFileType = sourcecode.swift; path = PrePlayResponse.swift; sourceTree = "<group>"; };
		F531C5D32D49FC3F0038E649 /* UplynkAPI.swift */ = {isa = PBXFileReference; fileEncoding = 4; lastKnownFileType = sourcecode.swift; path = UplynkAPI.swift; sourceTree = "<group>"; };
		F531C5D42D49FC3F0038E649 /* HTTPSConnection.swift */ = {isa = PBXFileReference; fileEncoding = 4; lastKnownFileType = sourcecode.swift; path = HTTPSConnection.swift; sourceTree = "<group>"; };
		F531C5D62D49FC3F0038E649 /* UplynkAdIntegration.swift */ = {isa = PBXFileReference; fileEncoding = 4; lastKnownFileType = sourcecode.swift; path = UplynkAdIntegration.swift; sourceTree = "<group>"; };
		F531C5D72D49FC3F0038E649 /* UplynkSSAIURLBuilder.swift */ = {isa = PBXFileReference; fileEncoding = 4; lastKnownFileType = sourcecode.swift; path = UplynkSSAIURLBuilder.swift; sourceTree = "<group>"; };
		F531C5D82D49FC3F0038E649 /* UplynkSSAIConfiguration+Extensions.swift */ = {isa = PBXFileReference; fileEncoding = 4; lastKnownFileType = sourcecode.swift; path = "UplynkSSAIConfiguration+Extensions.swift"; sourceTree = "<group>"; };
		F531C5D92D49FC3F0038E649 /* UplynkPingFeatures.swift */ = {isa = PBXFileReference; fileEncoding = 4; lastKnownFileType = sourcecode.swift; path = UplynkPingFeatures.swift; sourceTree = "<group>"; };
		F531C5DB2D49FC3F0038E649 /* SourceDescription+Extensions.swift */ = {isa = PBXFileReference; fileEncoding = 4; lastKnownFileType = sourcecode.swift; path = "SourceDescription+Extensions.swift"; sourceTree = "<group>"; };
		F531C5DC2D49FC3F0038E649 /* UplynkSSAIConfiguration.swift */ = {isa = PBXFileReference; fileEncoding = 4; lastKnownFileType = sourcecode.swift; path = UplynkSSAIConfiguration.swift; sourceTree = "<group>"; };
		F531C5DD2D49FC3F0038E649 /* UplynkPingConfiguration.swift */ = {isa = PBXFileReference; fileEncoding = 4; lastKnownFileType = sourcecode.swift; path = UplynkPingConfiguration.swift; sourceTree = "<group>"; };
		F531C5ED2D49FCD40038E649 /* THEOplayerSDK.framework */ = {isa = PBXFileReference; explicitFileType = wrapper.framework; path = THEOplayerSDK.framework; sourceTree = BUILT_PRODUCTS_DIR; };
		F59A83EF2D4AEF5300C0B7E9 /* THEOplayerConnectorUplynkTests.xctest */ = {isa = PBXFileReference; explicitFileType = wrapper.cfbundle; includeInIndex = 0; path = THEOplayerConnectorUplynkTests.xctest; sourceTree = BUILT_PRODUCTS_DIR; };
		F59A83F12D4AEF5300C0B7E9 /* THEOplayerConnectorUplynkTests.swift */ = {isa = PBXFileReference; lastKnownFileType = sourcecode.swift; path = THEOplayerConnectorUplynkTests.swift; sourceTree = "<group>"; };
		F59A83F92D4AEFB600C0B7E9 /* UplynkSSAIConfigurationURLBuilderTests.swift */ = {isa = PBXFileReference; lastKnownFileType = sourcecode.swift; path = UplynkSSAIConfigurationURLBuilderTests.swift; sourceTree = "<group>"; };
		F5BACFC62D4B369500B207DB /* UplynkAPIMock.swift */ = {isa = PBXFileReference; lastKnownFileType = sourcecode.swift; path = UplynkAPIMock.swift; sourceTree = "<group>"; };
		F5BACFC82D4B38A400B207DB /* UplynkAdIntegrationTests.swift */ = {isa = PBXFileReference; lastKnownFileType = sourcecode.swift; path = UplynkAdIntegrationTests.swift; sourceTree = "<group>"; };
/* End PBXFileReference section */

/* Begin PBXFrameworksBuildPhase section */
		F531C5C22D49FC310038E649 /* Frameworks */ = {
			isa = PBXFrameworksBuildPhase;
			buildActionMask = 2147483647;
			files = (
				F531C5EE2D49FCD40038E649 /* THEOplayerSDK.framework in Frameworks */,
			);
			runOnlyForDeploymentPostprocessing = 0;
		};
		F59A83EC2D4AEF5300C0B7E9 /* Frameworks */ = {
			isa = PBXFrameworksBuildPhase;
			buildActionMask = 2147483647;
			files = (
				F59A83F32D4AEF5300C0B7E9 /* THEOplayerConnectorUplynk.framework in Frameworks */,
			);
			runOnlyForDeploymentPostprocessing = 0;
		};
/* End PBXFrameworksBuildPhase section */

/* Begin PBXGroup section */
		F531C5BB2D49FC310038E649 = {
			isa = PBXGroup;
			children = (
				F531C5CF2D49FC3F0038E649 /* Source */,
				F59A83F02D4AEF5300C0B7E9 /* THEOplayerConnectorUplynkTests */,
				F531C5C62D49FC310038E649 /* Products */,
				F531C5EC2D49FCD40038E649 /* Frameworks */,
			);
			sourceTree = "<group>";
		};
		F531C5C62D49FC310038E649 /* Products */ = {
			isa = PBXGroup;
			children = (
				F531C5C52D49FC310038E649 /* THEOplayerConnectorUplynk.framework */,
				F59A83EF2D4AEF5300C0B7E9 /* THEOplayerConnectorUplynkTests.xctest */,
			);
			name = Products;
			sourceTree = "<group>";
		};
		F531C5CF2D49FC3F0038E649 /* Source */ = {
			isa = PBXGroup;
			children = (
				F531C5D02D49FC3F0038E649 /* UplynkConnector.swift */,
				F531C5D12D49FC3F0038E649 /* PrePlayResponse.swift */,
				F531C5D22D49FC3F0038E649 /* Network */,
				F531C5D52D49FC3F0038E649 /* Internal */,
				F531C5DA2D49FC3F0038E649 /* Utils */,
				F531C5DC2D49FC3F0038E649 /* UplynkSSAIConfiguration.swift */,
				F531C5DD2D49FC3F0038E649 /* UplynkPingConfiguration.swift */,
			);
			name = Source;
			path = ../Source;
			sourceTree = "<group>";
		};
		F531C5D22D49FC3F0038E649 /* Network */ = {
			isa = PBXGroup;
			children = (
				F531C5D32D49FC3F0038E649 /* UplynkAPI.swift */,
				F531C5D42D49FC3F0038E649 /* HTTPSConnection.swift */,
			);
			path = Network;
			sourceTree = "<group>";
		};
		F531C5D52D49FC3F0038E649 /* Internal */ = {
			isa = PBXGroup;
			children = (
				F531C5D62D49FC3F0038E649 /* UplynkAdIntegration.swift */,
				F531C5D72D49FC3F0038E649 /* UplynkSSAIURLBuilder.swift */,
				F531C5D82D49FC3F0038E649 /* UplynkSSAIConfiguration+Extensions.swift */,
				F531C5D92D49FC3F0038E649 /* UplynkPingFeatures.swift */,
			);
			path = Internal;
			sourceTree = "<group>";
		};
		F531C5DA2D49FC3F0038E649 /* Utils */ = {
			isa = PBXGroup;
			children = (
				F531C5DB2D49FC3F0038E649 /* SourceDescription+Extensions.swift */,
			);
			path = Utils;
			sourceTree = "<group>";
		};
		F531C5EC2D49FCD40038E649 /* Frameworks */ = {
			isa = PBXGroup;
			children = (
				F531C5ED2D49FCD40038E649 /* THEOplayerSDK.framework */,
			);
			name = Frameworks;
			sourceTree = "<group>";
		};
		F59A83F02D4AEF5300C0B7E9 /* THEOplayerConnectorUplynkTests */ = {
			isa = PBXGroup;
			children = (
				F5BACFC52D4B367E00B207DB /* Mocks */,
				F59A83F12D4AEF5300C0B7E9 /* THEOplayerConnectorUplynkTests.swift */,
				F59A83F92D4AEFB600C0B7E9 /* UplynkSSAIConfigurationURLBuilderTests.swift */,
				F5BACFC82D4B38A400B207DB /* UplynkAdIntegrationTests.swift */,
			);
			path = THEOplayerConnectorUplynkTests;
			sourceTree = "<group>";
		};
		F5BACFC52D4B367E00B207DB /* Mocks */ = {
			isa = PBXGroup;
			children = (
				F5BACFC62D4B369500B207DB /* UplynkAPIMock.swift */,
			);
			path = Mocks;
			sourceTree = "<group>";
		};
/* End PBXGroup section */

/* Begin PBXHeadersBuildPhase section */
		F531C5C02D49FC310038E649 /* Headers */ = {
			isa = PBXHeadersBuildPhase;
			buildActionMask = 2147483647;
			files = (
			);
			runOnlyForDeploymentPostprocessing = 0;
		};
/* End PBXHeadersBuildPhase section */

/* Begin PBXNativeTarget section */
		F531C5C42D49FC310038E649 /* THEOplayerConnectorUplynk */ = {
			isa = PBXNativeTarget;
			buildConfigurationList = F531C5CC2D49FC310038E649 /* Build configuration list for PBXNativeTarget "THEOplayerConnectorUplynk" */;
			buildPhases = (
				F531C5C02D49FC310038E649 /* Headers */,
				F531C5C12D49FC310038E649 /* Sources */,
				F531C5C22D49FC310038E649 /* Frameworks */,
				F531C5C32D49FC310038E649 /* Resources */,
				F531C5F02D49FCD40038E649 /* Embed Frameworks */,
			);
			buildRules = (
			);
			dependencies = (
			);
			name = THEOplayerConnectorUplynk;
			productName = THEOplayerConnectorUplynk;
			productReference = F531C5C52D49FC310038E649 /* THEOplayerConnectorUplynk.framework */;
			productType = "com.apple.product-type.framework";
		};
		F59A83EE2D4AEF5300C0B7E9 /* THEOplayerConnectorUplynkTests */ = {
			isa = PBXNativeTarget;
			buildConfigurationList = F59A83F82D4AEF5300C0B7E9 /* Build configuration list for PBXNativeTarget "THEOplayerConnectorUplynkTests" */;
			buildPhases = (
				F59A83EB2D4AEF5300C0B7E9 /* Sources */,
				F59A83EC2D4AEF5300C0B7E9 /* Frameworks */,
				F59A83ED2D4AEF5300C0B7E9 /* Resources */,
			);
			buildRules = (
			);
			dependencies = (
				F59A83F52D4AEF5300C0B7E9 /* PBXTargetDependency */,
			);
			name = THEOplayerConnectorUplynkTests;
			productName = THEOplayerConnectorUplynkTests;
			productReference = F59A83EF2D4AEF5300C0B7E9 /* THEOplayerConnectorUplynkTests.xctest */;
			productType = "com.apple.product-type.bundle.unit-test";
		};
/* End PBXNativeTarget section */

/* Begin PBXProject section */
		F531C5BC2D49FC310038E649 /* Project object */ = {
			isa = PBXProject;
			attributes = {
				BuildIndependentTargetsInParallel = 1;
				DefaultBuildSystemTypeForWorkspace = Latest;
				LastSwiftUpdateCheck = 1500;
				LastUpgradeCheck = 1500;
				TargetAttributes = {
					F531C5C42D49FC310038E649 = {
						CreatedOnToolsVersion = 15.0.1;
					};
					F59A83EE2D4AEF5300C0B7E9 = {
						CreatedOnToolsVersion = 15.0.1;
					};
				};
			};
			buildConfigurationList = F531C5BF2D49FC310038E649 /* Build configuration list for PBXProject "THEOplayerConnectorUplynk" */;
			compatibilityVersion = "Xcode 14.0";
			developmentRegion = en;
			hasScannedForEncodings = 0;
			knownRegions = (
				en,
				Base,
			);
			mainGroup = F531C5BB2D49FC310038E649;
			productRefGroup = F531C5C62D49FC310038E649 /* Products */;
			projectDirPath = "";
			projectRoot = "";
			targets = (
				F531C5C42D49FC310038E649 /* THEOplayerConnectorUplynk */,
				F59A83EE2D4AEF5300C0B7E9 /* THEOplayerConnectorUplynkTests */,
			);
		};
/* End PBXProject section */

/* Begin PBXResourcesBuildPhase section */
		F531C5C32D49FC310038E649 /* Resources */ = {
			isa = PBXResourcesBuildPhase;
			buildActionMask = 2147483647;
			files = (
			);
			runOnlyForDeploymentPostprocessing = 0;
		};
		F59A83ED2D4AEF5300C0B7E9 /* Resources */ = {
			isa = PBXResourcesBuildPhase;
			buildActionMask = 2147483647;
			files = (
			);
			runOnlyForDeploymentPostprocessing = 0;
		};
/* End PBXResourcesBuildPhase section */

/* Begin PBXSourcesBuildPhase section */
		F531C5C12D49FC310038E649 /* Sources */ = {
			isa = PBXSourcesBuildPhase;
			buildActionMask = 2147483647;
			files = (
				F531C5E42D49FC3F0038E649 /* UplynkSSAIConfiguration+Extensions.swift in Sources */,
				F531C5DF2D49FC3F0038E649 /* PrePlayResponse.swift in Sources */,
				F531C5DE2D49FC3F0038E649 /* UplynkConnector.swift in Sources */,
				F531C5E52D49FC3F0038E649 /* UplynkPingFeatures.swift in Sources */,
				F531C5E02D49FC3F0038E649 /* UplynkAPI.swift in Sources */,
				F531C5E12D49FC3F0038E649 /* HTTPSConnection.swift in Sources */,
				F531C5E22D49FC3F0038E649 /* UplynkAdIntegration.swift in Sources */,
				F531C5E62D49FC3F0038E649 /* SourceDescription+Extensions.swift in Sources */,
				F531C5E32D49FC3F0038E649 /* UplynkSSAIURLBuilder.swift in Sources */,
				F531C5E82D49FC3F0038E649 /* UplynkPingConfiguration.swift in Sources */,
				F531C5E72D49FC3F0038E649 /* UplynkSSAIConfiguration.swift in Sources */,
			);
			runOnlyForDeploymentPostprocessing = 0;
		};
		F59A83EB2D4AEF5300C0B7E9 /* Sources */ = {
			isa = PBXSourcesBuildPhase;
			buildActionMask = 2147483647;
			files = (
				F5BACFC92D4B38A400B207DB /* UplynkAdIntegrationTests.swift in Sources */,
				F5BACFC72D4B369500B207DB /* UplynkAPIMock.swift in Sources */,
				F59A83F22D4AEF5300C0B7E9 /* THEOplayerConnectorUplynkTests.swift in Sources */,
				F59A83FA2D4AEFB600C0B7E9 /* UplynkSSAIConfigurationURLBuilderTests.swift in Sources */,
			);
			runOnlyForDeploymentPostprocessing = 0;
		};
/* End PBXSourcesBuildPhase section */

/* Begin PBXTargetDependency section */
		F59A83F52D4AEF5300C0B7E9 /* PBXTargetDependency */ = {
			isa = PBXTargetDependency;
			target = F531C5C42D49FC310038E649 /* THEOplayerConnectorUplynk */;
			targetProxy = F59A83F42D4AEF5300C0B7E9 /* PBXContainerItemProxy */;
		};
/* End PBXTargetDependency section */

/* Begin XCBuildConfiguration section */
		F531C5CA2D49FC310038E649 /* Debug */ = {
			isa = XCBuildConfiguration;
			buildSettings = {
				ALWAYS_SEARCH_USER_PATHS = NO;
				ASSETCATALOG_COMPILER_GENERATE_SWIFT_ASSET_SYMBOL_EXTENSIONS = YES;
				CLANG_ANALYZER_NONNULL = YES;
				CLANG_ANALYZER_NUMBER_OBJECT_CONVERSION = YES_AGGRESSIVE;
				CLANG_CXX_LANGUAGE_STANDARD = "gnu++20";
				CLANG_ENABLE_MODULES = YES;
				CLANG_ENABLE_OBJC_ARC = YES;
				CLANG_ENABLE_OBJC_WEAK = YES;
				CLANG_WARN_BLOCK_CAPTURE_AUTORELEASING = YES;
				CLANG_WARN_BOOL_CONVERSION = YES;
				CLANG_WARN_COMMA = YES;
				CLANG_WARN_CONSTANT_CONVERSION = YES;
				CLANG_WARN_DEPRECATED_OBJC_IMPLEMENTATIONS = YES;
				CLANG_WARN_DIRECT_OBJC_ISA_USAGE = YES_ERROR;
				CLANG_WARN_DOCUMENTATION_COMMENTS = YES;
				CLANG_WARN_EMPTY_BODY = YES;
				CLANG_WARN_ENUM_CONVERSION = YES;
				CLANG_WARN_INFINITE_RECURSION = YES;
				CLANG_WARN_INT_CONVERSION = YES;
				CLANG_WARN_NON_LITERAL_NULL_CONVERSION = YES;
				CLANG_WARN_OBJC_IMPLICIT_RETAIN_SELF = YES;
				CLANG_WARN_OBJC_LITERAL_CONVERSION = YES;
				CLANG_WARN_OBJC_ROOT_CLASS = YES_ERROR;
				CLANG_WARN_QUOTED_INCLUDE_IN_FRAMEWORK_HEADER = YES;
				CLANG_WARN_RANGE_LOOP_ANALYSIS = YES;
				CLANG_WARN_STRICT_PROTOTYPES = YES;
				CLANG_WARN_SUSPICIOUS_MOVE = YES;
				CLANG_WARN_UNGUARDED_AVAILABILITY = YES_AGGRESSIVE;
				CLANG_WARN_UNREACHABLE_CODE = YES;
				CLANG_WARN__DUPLICATE_METHOD_MATCH = YES;
				COPY_PHASE_STRIP = NO;
				CURRENT_PROJECT_VERSION = 1;
				DEBUG_INFORMATION_FORMAT = dwarf;
				ENABLE_STRICT_OBJC_MSGSEND = YES;
				ENABLE_TESTABILITY = YES;
				ENABLE_USER_SCRIPT_SANDBOXING = YES;
				GCC_C_LANGUAGE_STANDARD = gnu17;
				GCC_DYNAMIC_NO_PIC = NO;
				GCC_NO_COMMON_BLOCKS = YES;
				GCC_OPTIMIZATION_LEVEL = 0;
				GCC_PREPROCESSOR_DEFINITIONS = (
					"DEBUG=1",
					"$(inherited)",
				);
				GCC_WARN_64_TO_32_BIT_CONVERSION = YES;
				GCC_WARN_ABOUT_RETURN_TYPE = YES_ERROR;
				GCC_WARN_UNDECLARED_SELECTOR = YES;
				GCC_WARN_UNINITIALIZED_AUTOS = YES_AGGRESSIVE;
				GCC_WARN_UNUSED_FUNCTION = YES;
				GCC_WARN_UNUSED_VARIABLE = YES;
				IPHONEOS_DEPLOYMENT_TARGET = 13.0;
				LOCALIZATION_PREFERS_STRING_CATALOGS = YES;
				MTL_ENABLE_DEBUG_INFO = INCLUDE_SOURCE;
				MTL_FAST_MATH = YES;
				ONLY_ACTIVE_ARCH = YES;
				SDKROOT = iphoneos;
				SWIFT_ACTIVE_COMPILATION_CONDITIONS = "DEBUG $(inherited)";
				SWIFT_OPTIMIZATION_LEVEL = "-Onone";
				VERSIONING_SYSTEM = "apple-generic";
				VERSION_INFO_PREFIX = "";
			};
			name = Debug;
		};
		F531C5CB2D49FC310038E649 /* Release */ = {
			isa = XCBuildConfiguration;
			buildSettings = {
				ALWAYS_SEARCH_USER_PATHS = NO;
				ASSETCATALOG_COMPILER_GENERATE_SWIFT_ASSET_SYMBOL_EXTENSIONS = YES;
				CLANG_ANALYZER_NONNULL = YES;
				CLANG_ANALYZER_NUMBER_OBJECT_CONVERSION = YES_AGGRESSIVE;
				CLANG_CXX_LANGUAGE_STANDARD = "gnu++20";
				CLANG_ENABLE_MODULES = YES;
				CLANG_ENABLE_OBJC_ARC = YES;
				CLANG_ENABLE_OBJC_WEAK = YES;
				CLANG_WARN_BLOCK_CAPTURE_AUTORELEASING = YES;
				CLANG_WARN_BOOL_CONVERSION = YES;
				CLANG_WARN_COMMA = YES;
				CLANG_WARN_CONSTANT_CONVERSION = YES;
				CLANG_WARN_DEPRECATED_OBJC_IMPLEMENTATIONS = YES;
				CLANG_WARN_DIRECT_OBJC_ISA_USAGE = YES_ERROR;
				CLANG_WARN_DOCUMENTATION_COMMENTS = YES;
				CLANG_WARN_EMPTY_BODY = YES;
				CLANG_WARN_ENUM_CONVERSION = YES;
				CLANG_WARN_INFINITE_RECURSION = YES;
				CLANG_WARN_INT_CONVERSION = YES;
				CLANG_WARN_NON_LITERAL_NULL_CONVERSION = YES;
				CLANG_WARN_OBJC_IMPLICIT_RETAIN_SELF = YES;
				CLANG_WARN_OBJC_LITERAL_CONVERSION = YES;
				CLANG_WARN_OBJC_ROOT_CLASS = YES_ERROR;
				CLANG_WARN_QUOTED_INCLUDE_IN_FRAMEWORK_HEADER = YES;
				CLANG_WARN_RANGE_LOOP_ANALYSIS = YES;
				CLANG_WARN_STRICT_PROTOTYPES = YES;
				CLANG_WARN_SUSPICIOUS_MOVE = YES;
				CLANG_WARN_UNGUARDED_AVAILABILITY = YES_AGGRESSIVE;
				CLANG_WARN_UNREACHABLE_CODE = YES;
				CLANG_WARN__DUPLICATE_METHOD_MATCH = YES;
				COPY_PHASE_STRIP = NO;
				CURRENT_PROJECT_VERSION = 1;
				DEBUG_INFORMATION_FORMAT = "dwarf-with-dsym";
				ENABLE_NS_ASSERTIONS = NO;
				ENABLE_STRICT_OBJC_MSGSEND = YES;
				ENABLE_USER_SCRIPT_SANDBOXING = YES;
				GCC_C_LANGUAGE_STANDARD = gnu17;
				GCC_NO_COMMON_BLOCKS = YES;
				GCC_WARN_64_TO_32_BIT_CONVERSION = YES;
				GCC_WARN_ABOUT_RETURN_TYPE = YES_ERROR;
				GCC_WARN_UNDECLARED_SELECTOR = YES;
				GCC_WARN_UNINITIALIZED_AUTOS = YES_AGGRESSIVE;
				GCC_WARN_UNUSED_FUNCTION = YES;
				GCC_WARN_UNUSED_VARIABLE = YES;
				IPHONEOS_DEPLOYMENT_TARGET = 13.0;
				LOCALIZATION_PREFERS_STRING_CATALOGS = YES;
				MTL_ENABLE_DEBUG_INFO = NO;
				MTL_FAST_MATH = YES;
				SDKROOT = iphoneos;
				SWIFT_COMPILATION_MODE = wholemodule;
				VALIDATE_PRODUCT = YES;
				VERSIONING_SYSTEM = "apple-generic";
				VERSION_INFO_PREFIX = "";
			};
			name = Release;
		};
		F531C5CD2D49FC310038E649 /* Debug */ = {
			isa = XCBuildConfiguration;
			buildSettings = {
				CODE_SIGN_STYLE = Automatic;
				CURRENT_PROJECT_VERSION = 1;
				DEFINES_MODULE = YES;
				DYLIB_COMPATIBILITY_VERSION = 1;
				DYLIB_CURRENT_VERSION = 1;
				DYLIB_INSTALL_NAME_BASE = "@rpath";
				ENABLE_MODULE_VERIFIER = YES;
				GENERATE_INFOPLIST_FILE = YES;
				INFOPLIST_KEY_NSHumanReadableCopyright = "";
				INSTALL_PATH = "$(LOCAL_LIBRARY_DIR)/Frameworks";
				LD_RUNPATH_SEARCH_PATHS = (
					"$(inherited)",
					"@executable_path/Frameworks",
					"@loader_path/Frameworks",
				);
				MARKETING_VERSION = 1.0;
				MODULE_VERIFIER_SUPPORTED_LANGUAGES = "objective-c objective-c++";
				MODULE_VERIFIER_SUPPORTED_LANGUAGE_STANDARDS = "gnu17 gnu++20";
				PRODUCT_BUNDLE_IDENTIFIER = theoplayer.THEOplayerConnectorUplynk.THEOplayerConnectorUplynk;
				PRODUCT_NAME = "$(TARGET_NAME:c99extidentifier)";
				SKIP_INSTALL = YES;
				SWIFT_EMIT_LOC_STRINGS = YES;
				SWIFT_VERSION = 5.0;
				TARGETED_DEVICE_FAMILY = "1,2";
			};
			name = Debug;
		};
		F531C5CE2D49FC310038E649 /* Release */ = {
			isa = XCBuildConfiguration;
			buildSettings = {
				CODE_SIGN_STYLE = Automatic;
				CURRENT_PROJECT_VERSION = 1;
				DEFINES_MODULE = YES;
				DYLIB_COMPATIBILITY_VERSION = 1;
				DYLIB_CURRENT_VERSION = 1;
				DYLIB_INSTALL_NAME_BASE = "@rpath";
				ENABLE_MODULE_VERIFIER = YES;
				GENERATE_INFOPLIST_FILE = YES;
				INFOPLIST_KEY_NSHumanReadableCopyright = "";
				INSTALL_PATH = "$(LOCAL_LIBRARY_DIR)/Frameworks";
				LD_RUNPATH_SEARCH_PATHS = (
					"$(inherited)",
					"@executable_path/Frameworks",
					"@loader_path/Frameworks",
				);
				MARKETING_VERSION = 1.0;
				MODULE_VERIFIER_SUPPORTED_LANGUAGES = "objective-c objective-c++";
				MODULE_VERIFIER_SUPPORTED_LANGUAGE_STANDARDS = "gnu17 gnu++20";
				PRODUCT_BUNDLE_IDENTIFIER = theoplayer.THEOplayerConnectorUplynk.THEOplayerConnectorUplynk;
				PRODUCT_NAME = "$(TARGET_NAME:c99extidentifier)";
				SKIP_INSTALL = YES;
				SWIFT_EMIT_LOC_STRINGS = YES;
				SWIFT_VERSION = 5.0;
				TARGETED_DEVICE_FAMILY = "1,2";
			};
			name = Release;
		};
		F59A83F62D4AEF5300C0B7E9 /* Debug */ = {
			isa = XCBuildConfiguration;
			buildSettings = {
				CODE_SIGN_STYLE = Automatic;
				CURRENT_PROJECT_VERSION = 1;
				GENERATE_INFOPLIST_FILE = YES;
				IPHONEOS_DEPLOYMENT_TARGET = 17.0;
				MARKETING_VERSION = 1.0;
				PRODUCT_BUNDLE_IDENTIFIER = theoplayer.THEOplayerConnectorUplynk.THEOplayerConnectorUplynkTests;
				PRODUCT_NAME = "$(TARGET_NAME)";
				SWIFT_EMIT_LOC_STRINGS = NO;
				SWIFT_VERSION = 5.0;
				TARGETED_DEVICE_FAMILY = "1,2";
			};
			name = Debug;
		};
		F59A83F72D4AEF5300C0B7E9 /* Release */ = {
			isa = XCBuildConfiguration;
			buildSettings = {
				CODE_SIGN_STYLE = Automatic;
				CURRENT_PROJECT_VERSION = 1;
				GENERATE_INFOPLIST_FILE = YES;
				IPHONEOS_DEPLOYMENT_TARGET = 17.0;
				MARKETING_VERSION = 1.0;
				PRODUCT_BUNDLE_IDENTIFIER = theoplayer.THEOplayerConnectorUplynk.THEOplayerConnectorUplynkTests;
				PRODUCT_NAME = "$(TARGET_NAME)";
				SWIFT_EMIT_LOC_STRINGS = NO;
				SWIFT_VERSION = 5.0;
				TARGETED_DEVICE_FAMILY = "1,2";
			};
			name = Release;
		};
/* End XCBuildConfiguration section */

/* Begin XCConfigurationList section */
		F531C5BF2D49FC310038E649 /* Build configuration list for PBXProject "THEOplayerConnectorUplynk" */ = {
			isa = XCConfigurationList;
			buildConfigurations = (
				F531C5CA2D49FC310038E649 /* Debug */,
				F531C5CB2D49FC310038E649 /* Release */,
			);
			defaultConfigurationIsVisible = 0;
			defaultConfigurationName = Release;
		};
		F531C5CC2D49FC310038E649 /* Build configuration list for PBXNativeTarget "THEOplayerConnectorUplynk" */ = {
			isa = XCConfigurationList;
			buildConfigurations = (
				F531C5CD2D49FC310038E649 /* Debug */,
				F531C5CE2D49FC310038E649 /* Release */,
			);
			defaultConfigurationIsVisible = 0;
			defaultConfigurationName = Release;
		};
		F59A83F82D4AEF5300C0B7E9 /* Build configuration list for PBXNativeTarget "THEOplayerConnectorUplynkTests" */ = {
			isa = XCConfigurationList;
			buildConfigurations = (
				F59A83F62D4AEF5300C0B7E9 /* Debug */,
				F59A83F72D4AEF5300C0B7E9 /* Release */,
			);
			defaultConfigurationIsVisible = 0;
			defaultConfigurationName = Release;
		};
/* End XCConfigurationList section */
	};
	rootObject = F531C5BC2D49FC310038E649 /* Project object */;
}
