{
  "object": {
    "pins": [
      {
        "package": "ConvivaSDK",
        "repositoryURL": "https://github.com/Conviva/conviva-ios-sdk-spm",
        "state": {
          "branch": null,
          "revision": "f44eff0be63c4ac62ea4612480c07cd8daa20947",
          "version": "4.0.31"
        }
      }
    ]
  },
  "version": 1
}
